
Microsoft Visual Studio Solution File, Format Version 12.00
# Visual Studio Version 17
VisualStudioVersion = 17.7.34221.43
MinimumVisualStudioVersion = 10.0.40219.1
Project("{FAE04EC0-301F-11D3-BF4B-00C04F79EFBC}") = "TrainExample_Ado.Net(CRUD)", "TrainExample_Ado.Net(CRUD)\TrainExample_Ado.Net(CRUD).csproj", "{B4D77739-68FA-4A91-9223-556B80F08F91}"
EndProject
Global
	GlobalSection(SolutionConfigurationPlatforms) = preSolution
		Debug|Any CPU = Debug|Any CPU
		Release|Any CPU = Release|Any CPU
	EndGlobalSection
	GlobalSection(ProjectConfigurationPlatforms) = postSolution
		{B4D77739-68FA-4A91-9223-556B80F08F91}.Debug|Any CPU.ActiveCfg = Debug|Any CPU
		{B4D77739-68FA-4A91-9223-556B80F08F91}.Debug|Any CPU.Build.0 = Debug|Any CPU
		{B4D77739-68FA-4A91-9223-556B80F08F91}.Release|Any CPU.ActiveCfg = Release|Any CPU
		{B4D77739-68FA-4A91-9223-556B80F08F91}.Release|Any CPU.Build.0 = Release|Any CPU
	EndGlobalSection
	GlobalSection(SolutionProperties) = preSolution
		HideSolutionNode = FALSE
	EndGlobalSection
	GlobalSection(ExtensibilityGlobals) = postSolution
		SolutionGuid = {2F211267-0364-437A-8C19-C2C403A9D95A}
	EndGlobalSection
EndGlobal
